
Microsoft Visual Studio Solution File, Format Version 12.00
# Visual Studio 15
VisualStudioVersion = 15.0.28307.489
MinimumVisualStudioVersion = 10.0.40219.1
Project("{FAE04EC0-301F-11D3-BF4B-00C04F79EFBC}") = "POSSample.UI", "POSSample.UI\POSSample.UI.csproj", "{9E6C2125-CFBC-4B2B-8FEC-85C7C930151D}"
EndProject
Global
	GlobalSection(SolutionConfigurationPlatforms) = preSolution
		Debug|Any CPU = Debug|Any CPU
		Release|Any CPU = Release|Any CPU
	EndGlobalSection
	GlobalSection(ProjectConfigurationPlatforms) = postSolution
		{9E6C2125-CFBC-4B2B-8FEC-85C7C930151D}.Debug|Any CPU.ActiveCfg = Debug|Any CPU
		{9E6C2125-CFBC-4B2B-8FEC-85C7C930151D}.Debug|Any CPU.Build.0 = Debug|Any CPU
		{9E6C2125-CFBC-4B2B-8FEC-85C7C930151D}.Release|Any CPU.ActiveCfg = Release|Any CPU
		{9E6C2125-CFBC-4B2B-8FEC-85C7C930151D}.Release|Any CPU.Build.0 = Release|Any CPU
	EndGlobalSection
	GlobalSection(SolutionProperties) = preSolution
		HideSolutionNode = FALSE
	EndGlobalSection
	GlobalSection(ExtensibilityGlobals) = postSolution
		SolutionGuid = {2F779CDC-F585-4C91-89F2-EA97AE6807B6}
	EndGlobalSection
EndGlobal
